
Microsoft Visual Studio Solution File, Format Version 12.00
# Visual Studio 14
VisualStudioVersion = 14.0.25420.1
MinimumVisualStudioVersion = 10.0.40219.1
Project("{FAE04EC0-301F-11D3-BF4B-00C04F79EFBC}") = "Week21112016", "Week21112016\Week21112016.csproj", "{51E00418-37D0-45A5-8838-8CCD54110F1D}"
EndProject
Project("{FAE04EC0-301F-11D3-BF4B-00C04F79EFBC}") = "MonoGameClient", "MonoGameClient\MonoGameClient.csproj", "{EFE2CC91-05C8-4F58-91A0-A4092DAF9BD1}"
EndProject
Project("{FAE04EC0-301F-11D3-BF4B-00C04F79EFBC}") = "CommonClasses", "CommonClasses\CommonClasses.csproj", "{CF7E2F8C-5ED0-4D43-A178-BADF84D17026}"
EndProject
Global
	GlobalSection(SolutionConfigurationPlatforms) = preSolution
		Debug|Any CPU = Debug|Any CPU
		Debug|x86 = Debug|x86
		Release|Any CPU = Release|Any CPU
		Release|x86 = Release|x86
	EndGlobalSection
	GlobalSection(ProjectConfigurationPlatforms) = postSolution
		{51E00418-37D0-45A5-8838-8CCD54110F1D}.Debug|Any CPU.ActiveCfg = Debug|Any CPU
		{51E00418-37D0-45A5-8838-8CCD54110F1D}.Debug|Any CPU.Build.0 = Debug|Any CPU
		{51E00418-37D0-45A5-8838-8CCD54110F1D}.Debug|x86.ActiveCfg = Debug|Any CPU
		{51E00418-37D0-45A5-8838-8CCD54110F1D}.Debug|x86.Build.0 = Debug|Any CPU
		{51E00418-37D0-45A5-8838-8CCD54110F1D}.Release|Any CPU.ActiveCfg = Release|Any CPU
		{51E00418-37D0-45A5-8838-8CCD54110F1D}.Release|Any CPU.Build.0 = Release|Any CPU
		{51E00418-37D0-45A5-8838-8CCD54110F1D}.Release|x86.ActiveCfg = Release|Any CPU
		{51E00418-37D0-45A5-8838-8CCD54110F1D}.Release|x86.Build.0 = Release|Any CPU
		{EFE2CC91-05C8-4F58-91A0-A4092DAF9BD1}.Debug|Any CPU.ActiveCfg = Debug|x86
		{EFE2CC91-05C8-4F58-91A0-A4092DAF9BD1}.Debug|Any CPU.Build.0 = Debug|x86
		{EFE2CC91-05C8-4F58-91A0-A4092DAF9BD1}.Debug|x86.ActiveCfg = Debug|x86
		{EFE2CC91-05C8-4F58-91A0-A4092DAF9BD1}.Debug|x86.Build.0 = Debug|x86
		{EFE2CC91-05C8-4F58-91A0-A4092DAF9BD1}.Release|Any CPU.ActiveCfg = Release|x86
		{EFE2CC91-05C8-4F58-91A0-A4092DAF9BD1}.Release|x86.ActiveCfg = Release|x86
		{EFE2CC91-05C8-4F58-91A0-A4092DAF9BD1}.Release|x86.Build.0 = Release|x86
		{CF7E2F8C-5ED0-4D43-A178-BADF84D17026}.Debug|Any CPU.ActiveCfg = Debug|Any CPU
		{CF7E2F8C-5ED0-4D43-A178-BADF84D17026}.Debug|Any CPU.Build.0 = Debug|Any CPU
		{CF7E2F8C-5ED0-4D43-A178-BADF84D17026}.Debug|x86.ActiveCfg = Debug|Any CPU
		{CF7E2F8C-5ED0-4D43-A178-BADF84D17026}.Debug|x86.Build.0 = Debug|Any CPU
		{CF7E2F8C-5ED0-4D43-A178-BADF84D17026}.Release|Any CPU.ActiveCfg = Release|Any CPU
		{CF7E2F8C-5ED0-4D43-A178-BADF84D17026}.Release|Any CPU.Build.0 = Release|Any CPU
		{CF7E2F8C-5ED0-4D43-A178-BADF84D17026}.Release|x86.ActiveCfg = Release|Any CPU
		{CF7E2F8C-5ED0-4D43-A178-BADF84D17026}.Release|x86.Build.0 = Release|Any CPU
	EndGlobalSection
	GlobalSection(SolutionProperties) = preSolution
		HideSolutionNode = FALSE
	EndGlobalSection
EndGlobal
